Microsoft Visual Studio Solution File, Format Version 12.00
# Visual Studio Version 17
VisualStudioVersion = 17.5.2.0
MinimumVisualStudioVersion = 10.0.40219.1
Project("{2150E333-8FDC-42A3-9474-1A3956D46DE8}") = "GitUpdate2", "GitUpdate2", "{B4C0676C-D651-78CF-3904-119E74EDD31E}"
EndProject
Project("{FAE04EC0-301F-11D3-BF4B-00C04F79EFBC}") = "update", "GitUpdate2\update\update.csproj", "{3D83E3CF-86EF-344D-750A-04F8AC16F6DD}"
EndProject
Global
	GlobalSection(SolutionConfigurationPlatforms) = preSolution
		Debug|Any CPU = Debug|Any CPU
		Release|Any CPU = Release|Any CPU
	EndGlobalSection
	GlobalSection(ProjectConfigurationPlatforms) = postSolution
		{3D83E3CF-86EF-344D-750A-04F8AC16F6DD}.Debug|Any CPU.ActiveCfg = Debug|Any CPU
		{3D83E3CF-86EF-344D-750A-04F8AC16F6DD}.Debug|Any CPU.Build.0 = Debug|Any CPU
		{3D83E3CF-86EF-344D-750A-04F8AC16F6DD}.Release|Any CPU.ActiveCfg = Release|Any CPU
		{3D83E3CF-86EF-344D-750A-04F8AC16F6DD}.Release|Any CPU.Build.0 = Release|Any CPU
	EndGlobalSection
	GlobalSection(SolutionProperties) = preSolution
		HideSolutionNode = FALSE
	EndGlobalSection
	GlobalSection(NestedProjects) = preSolution
		{3D83E3CF-86EF-344D-750A-04F8AC16F6DD} = {B4C0676C-D651-78CF-3904-119E74EDD31E}
	EndGlobalSection
	GlobalSection(ExtensibilityGlobals) = postSolution
		SolutionGuid = {B32D67E8-15CC-47D7-BF5A-FA3FDBC75703}
	EndGlobalSection
EndGlobal
